argparse 0.7.1-1||production
busted 2.2.0-1|02f31a9c103a44e166617cfdb6ba1b8994a9c912|testing
date 2.2-2|8d74567cf979c1eab2c6b6ca2e3b978fa40569a2|production
dkjson 2.8-1||testing
fifo 0.2-0||development
inspect 3.1.3-0||production
jsonschema 0.8-0|c1d72d86bb3dc5b33da57d47febc47657d29ea74|testing
ldoc 1.5.0-1|09f82c959c50d8c3d5a968c379b1c75de66b002d|development
liquid 0.2.0-2||production
lua-resty-env 0.4.0-1||production
lua-resty-execvp 0.1.1-1||production
lua-resty-http 0.17.1-0|4ab4269cf442ba52507aa2c718f606054452fcad|production
lua-resty-ipmatcher 0.6.1-0|62d4c44d67227e8f3fe02331c2f8b90fe0d7ccd1|production
lua-resty-iputils 0.3.0-2|6110b41eaa52efd25e56f89e34412ab95f700d57|production
lua-resty-jit-uuid 0.0.7-2|64ae38de75c9d58f330d89e140ac872771c19223|production
lua-resty-jwt 0.2.0-0|2a62ff95eae91df6bd8655080a4b9b04c61bec6b|production
lua-resty-openssl 1.5.1-1|a900c5f5897448c181dd58073e51cdeeb3fd0029|production
lua-resty-repl 0.0.6-0|3878f41b7e8f97b1c96919db19dbee9496569dda|development
lua-resty-url 0.3.5-1||production
lua-term 0.8-1||testing
lua_cliargs 3.0-2||testing
luacov 0.15.0-1|19b52ca0298c8942df82dd441d7a4a588db4c413|testing
luafilesystem 1.8.0-1|7c6e1b013caec0602ca4796df3b1d7253a2dd258|production,development,testing
luassert 1.9.0-1|8d8dc8a54cc468048a128a867f6449a6c3fdd11a|testing
luasystem 0.4.1-1|c832d2b857d4174d17247de837426d4cfc95ec2f|testing
lyaml 6.2.8-1||production
markdown 0.33-1|8c09109924b218aaecbfd4d4b1de538269c4d765|development
mediator_lua 1.1.2-0||testing
net-url 1.1-1|32acd84d06e16ddffc975adafce9cea26f3b2dd1|testing
nginx-lua-prometheus 0.20181120-3|379c0a4d4d6f3c5b0eb93691fc7e14fff498e1ca|production
penlight 1.13.1-1|3b42fd05d8e60998b0fc5830a397b2354a81170b|production,development,testing
router 2.1-0||production
say 1.4.1-3|45a3057e68c52b34ab59ef167efeb2340e356661|testing